
Microsoft Visual Studio Solution File, Format Version 12.00
# Visual Studio Version 16
VisualStudioVersion = 16.0.30709.132
MinimumVisualStudioVersion = 10.0.40219.1
Project("{9A19103F-16F7-4668-BE54-9A1E7A4F7556}") = "TedAzApp", "TedAzApp.csproj", "{6CD6DE07-6EF6-41A5-A9DB-C60D93B17A2E}"
EndProject
Global
	GlobalSection(SolutionConfigurationPlatforms) = preSolution
		Debug|Any CPU = Debug|Any CPU
		Release|Any CPU = Release|Any CPU
	EndGlobalSection
	GlobalSection(ProjectConfigurationPlatforms) = postSolution
		{6CD6DE07-6EF6-41A5-A9DB-C60D93B17A2E}.Debug|Any CPU.ActiveCfg = Debug|Any CPU
		{6CD6DE07-6EF6-41A5-A9DB-C60D93B17A2E}.Debug|Any CPU.Build.0 = Debug|Any CPU
		{6CD6DE07-6EF6-41A5-A9DB-C60D93B17A2E}.Release|Any CPU.ActiveCfg = Release|Any CPU
		{6CD6DE07-6EF6-41A5-A9DB-C60D93B17A2E}.Release|Any CPU.Build.0 = Release|Any CPU
	EndGlobalSection
	GlobalSection(SolutionProperties) = preSolution
		HideSolutionNode = FALSE
	EndGlobalSection
	GlobalSection(ExtensibilityGlobals) = postSolution
		SolutionGuid = {24E7D3BF-826B-4D94-A247-51CEA6553CB4}
	EndGlobalSection
EndGlobal
